
Microsoft Visual Studio Solution File, Format Version 12.00
# Visual Studio Version 16
VisualStudioVersion = 16.0.30225.117
MinimumVisualStudioVersion = 10.0.40219.1
Project("{FAE04EC0-301F-11D3-BF4B-00C04F79EFBC}") = "IoTBackgroundAppCS", "IoTBackgroundAppCS\IoTBackgroundAppCS.csproj", "{7191556E-612E-4994-B548-BF059C44E84A}"
EndProject
Project("{8BC9CEB8-8B4A-11D0-8D11-00A0C91BC942}") = "IoTBackgroundAppCpp", "IoTBackgroundAppCpp\IoTBackgroundAppCpp.vcxproj", "{26FB9359-DC0C-4889-8985-6D238D1058C3}"
EndProject
Project("{FAE04EC0-301F-11D3-BF4B-00C04F79EFBC}") = "ThreadingsSample", "ThreadingsSample\ThreadingsSample.csproj", "{55F6BA1D-2B5C-4667-BC4B-C84CEBB160DE}"
EndProject
Project("{FAE04EC0-301F-11D3-BF4B-00C04F79EFBC}") = "BlinkyApp", "BlinkyApp\BlinkyApp.csproj", "{2A33E4FB-50BC-4D8D-B893-AC54E6083E3F}"
EndProject
Global
	GlobalSection(SolutionConfigurationPlatforms) = preSolution
		Debug|ARM = Debug|ARM
		Debug|ARM64 = Debug|ARM64
		Debug|x64 = Debug|x64
		Debug|x86 = Debug|x86
		Release|ARM = Release|ARM
		Release|ARM64 = Release|ARM64
		Release|x64 = Release|x64
		Release|x86 = Release|x86
	EndGlobalSection
	GlobalSection(ProjectConfigurationPlatforms) = postSolution
		{7191556E-612E-4994-B548-BF059C44E84A}.Debug|ARM.ActiveCfg = Debug|ARM
		{7191556E-612E-4994-B548-BF059C44E84A}.Debug|ARM.Build.0 = Debug|ARM
		{7191556E-612E-4994-B548-BF059C44E84A}.Debug|ARM.Deploy.0 = Debug|ARM
		{7191556E-612E-4994-B548-BF059C44E84A}.Debug|ARM64.ActiveCfg = Debug|x86
		{7191556E-612E-4994-B548-BF059C44E84A}.Debug|x64.ActiveCfg = Debug|x64
		{7191556E-612E-4994-B548-BF059C44E84A}.Debug|x64.Build.0 = Debug|x64
		{7191556E-612E-4994-B548-BF059C44E84A}.Debug|x64.Deploy.0 = Debug|x64
		{7191556E-612E-4994-B548-BF059C44E84A}.Debug|x86.ActiveCfg = Debug|x86
		{7191556E-612E-4994-B548-BF059C44E84A}.Debug|x86.Build.0 = Debug|x86
		{7191556E-612E-4994-B548-BF059C44E84A}.Debug|x86.Deploy.0 = Debug|x86
		{7191556E-612E-4994-B548-BF059C44E84A}.Release|ARM.ActiveCfg = Release|ARM
		{7191556E-612E-4994-B548-BF059C44E84A}.Release|ARM.Build.0 = Release|ARM
		{7191556E-612E-4994-B548-BF059C44E84A}.Release|ARM.Deploy.0 = Release|ARM
		{7191556E-612E-4994-B548-BF059C44E84A}.Release|ARM64.ActiveCfg = Release|x86
		{7191556E-612E-4994-B548-BF059C44E84A}.Release|x64.ActiveCfg = Release|x64
		{7191556E-612E-4994-B548-BF059C44E84A}.Release|x64.Build.0 = Release|x64
		{7191556E-612E-4994-B548-BF059C44E84A}.Release|x64.Deploy.0 = Release|x64
		{7191556E-612E-4994-B548-BF059C44E84A}.Release|x86.ActiveCfg = Release|x86
		{7191556E-612E-4994-B548-BF059C44E84A}.Release|x86.Build.0 = Release|x86
		{7191556E-612E-4994-B548-BF059C44E84A}.Release|x86.Deploy.0 = Release|x86
		{26FB9359-DC0C-4889-8985-6D238D1058C3}.Debug|ARM.ActiveCfg = Debug|ARM
		{26FB9359-DC0C-4889-8985-6D238D1058C3}.Debug|ARM.Build.0 = Debug|ARM
		{26FB9359-DC0C-4889-8985-6D238D1058C3}.Debug|ARM.Deploy.0 = Debug|ARM
		{26FB9359-DC0C-4889-8985-6D238D1058C3}.Debug|ARM64.ActiveCfg = Debug|Win32
		{26FB9359-DC0C-4889-8985-6D238D1058C3}.Debug|x64.ActiveCfg = Debug|x64
		{26FB9359-DC0C-4889-8985-6D238D1058C3}.Debug|x64.Build.0 = Debug|x64
		{26FB9359-DC0C-4889-8985-6D238D1058C3}.Debug|x64.Deploy.0 = Debug|x64
		{26FB9359-DC0C-4889-8985-6D238D1058C3}.Debug|x86.ActiveCfg = Debug|Win32
		{26FB9359-DC0C-4889-8985-6D238D1058C3}.Debug|x86.Build.0 = Debug|Win32
		{26FB9359-DC0C-4889-8985-6D238D1058C3}.Debug|x86.Deploy.0 = Debug|Win32
		{26FB9359-DC0C-4889-8985-6D238D1058C3}.Release|ARM.ActiveCfg = Release|ARM
		{26FB9359-DC0C-4889-8985-6D238D1058C3}.Release|ARM.Build.0 = Release|ARM
		{26FB9359-DC0C-4889-8985-6D238D1058C3}.Release|ARM.Deploy.0 = Release|ARM
		{26FB9359-DC0C-4889-8985-6D238D1058C3}.Release|ARM64.ActiveCfg = Release|Win32
		{26FB9359-DC0C-4889-8985-6D238D1058C3}.Release|x64.ActiveCfg = Release|x64
		{26FB9359-DC0C-4889-8985-6D238D1058C3}.Release|x64.Build.0 = Release|x64
		{26FB9359-DC0C-4889-8985-6D238D1058C3}.Release|x64.Deploy.0 = Release|x64
		{26FB9359-DC0C-4889-8985-6D238D1058C3}.Release|x86.ActiveCfg = Release|Win32
		{26FB9359-DC0C-4889-8985-6D238D1058C3}.Release|x86.Build.0 = Release|Win32
		{26FB9359-DC0C-4889-8985-6D238D1058C3}.Release|x86.Deploy.0 = Release|Win32
		{55F6BA1D-2B5C-4667-BC4B-C84CEBB160DE}.Debug|ARM.ActiveCfg = Debug|ARM
		{55F6BA1D-2B5C-4667-BC4B-C84CEBB160DE}.Debug|ARM.Build.0 = Debug|ARM
		{55F6BA1D-2B5C-4667-BC4B-C84CEBB160DE}.Debug|ARM.Deploy.0 = Debug|ARM
		{55F6BA1D-2B5C-4667-BC4B-C84CEBB160DE}.Debug|ARM64.ActiveCfg = Debug|ARM64
		{55F6BA1D-2B5C-4667-BC4B-C84CEBB160DE}.Debug|ARM64.Build.0 = Debug|ARM64
		{55F6BA1D-2B5C-4667-BC4B-C84CEBB160DE}.Debug|ARM64.Deploy.0 = Debug|ARM64
		{55F6BA1D-2B5C-4667-BC4B-C84CEBB160DE}.Debug|x64.ActiveCfg = Debug|x64
		{55F6BA1D-2B5C-4667-BC4B-C84CEBB160DE}.Debug|x64.Build.0 = Debug|x64
		{55F6BA1D-2B5C-4667-BC4B-C84CEBB160DE}.Debug|x64.Deploy.0 = Debug|x64
		{55F6BA1D-2B5C-4667-BC4B-C84CEBB160DE}.Debug|x86.ActiveCfg = Debug|x86
		{55F6BA1D-2B5C-4667-BC4B-C84CEBB160DE}.Debug|x86.Build.0 = Debug|x86
		{55F6BA1D-2B5C-4667-BC4B-C84CEBB160DE}.Debug|x86.Deploy.0 = Debug|x86
		{55F6BA1D-2B5C-4667-BC4B-C84CEBB160DE}.Release|ARM.ActiveCfg = Release|ARM
		{55F6BA1D-2B5C-4667-BC4B-C84CEBB160DE}.Release|ARM.Build.0 = Release|ARM
		{55F6BA1D-2B5C-4667-BC4B-C84CEBB160DE}.Release|ARM.Deploy.0 = Release|ARM
		{55F6BA1D-2B5C-4667-BC4B-C84CEBB160DE}.Release|ARM64.ActiveCfg = Release|ARM64
		{55F6BA1D-2B5C-4667-BC4B-C84CEBB160DE}.Release|ARM64.Build.0 = Release|ARM64
		{55F6BA1D-2B5C-4667-BC4B-C84CEBB160DE}.Release|ARM64.Deploy.0 = Release|ARM64
		{55F6BA1D-2B5C-4667-BC4B-C84CEBB160DE}.Release|x64.ActiveCfg = Release|x64
		{55F6BA1D-2B5C-4667-BC4B-C84CEBB160DE}.Release|x64.Build.0 = Release|x64
		{55F6BA1D-2B5C-4667-BC4B-C84CEBB160DE}.Release|x64.Deploy.0 = Release|x64
		{55F6BA1D-2B5C-4667-BC4B-C84CEBB160DE}.Release|x86.ActiveCfg = Release|x86
		{55F6BA1D-2B5C-4667-BC4B-C84CEBB160DE}.Release|x86.Build.0 = Release|x86
		{55F6BA1D-2B5C-4667-BC4B-C84CEBB160DE}.Release|x86.Deploy.0 = Release|x86
		{2A33E4FB-50BC-4D8D-B893-AC54E6083E3F}.Debug|ARM.ActiveCfg = Debug|ARM
		{2A33E4FB-50BC-4D8D-B893-AC54E6083E3F}.Debug|ARM.Build.0 = Debug|ARM
		{2A33E4FB-50BC-4D8D-B893-AC54E6083E3F}.Debug|ARM.Deploy.0 = Debug|ARM
		{2A33E4FB-50BC-4D8D-B893-AC54E6083E3F}.Debug|ARM64.ActiveCfg = Debug|ARM64
		{2A33E4FB-50BC-4D8D-B893-AC54E6083E3F}.Debug|ARM64.Build.0 = Debug|ARM64
		{2A33E4FB-50BC-4D8D-B893-AC54E6083E3F}.Debug|ARM64.Deploy.0 = Debug|ARM64
		{2A33E4FB-50BC-4D8D-B893-AC54E6083E3F}.Debug|x64.ActiveCfg = Debug|x64
		{2A33E4FB-50BC-4D8D-B893-AC54E6083E3F}.Debug|x64.Build.0 = Debug|x64
		{2A33E4FB-50BC-4D8D-B893-AC54E6083E3F}.Debug|x64.Deploy.0 = Debug|x64
		{2A33E4FB-50BC-4D8D-B893-AC54E6083E3F}.Debug|x86.ActiveCfg = Debug|x86
		{2A33E4FB-50BC-4D8D-B893-AC54E6083E3F}.Debug|x86.Build.0 = Debug|x86
		{2A33E4FB-50BC-4D8D-B893-AC54E6083E3F}.Debug|x86.Deploy.0 = Debug|x86
		{2A33E4FB-50BC-4D8D-B893-AC54E6083E3F}.Release|ARM.ActiveCfg = Release|ARM
		{2A33E4FB-50BC-4D8D-B893-AC54E6083E3F}.Release|ARM.Build.0 = Release|ARM
		{2A33E4FB-50BC-4D8D-B893-AC54E6083E3F}.Release|ARM.Deploy.0 = Release|ARM
		{2A33E4FB-50BC-4D8D-B893-AC54E6083E3F}.Release|ARM64.ActiveCfg = Release|ARM64
		{2A33E4FB-50BC-4D8D-B893-AC54E6083E3F}.Release|ARM64.Build.0 = Release|ARM64
		{2A33E4FB-50BC-4D8D-B893-AC54E6083E3F}.Release|ARM64.Deploy.0 = Release|ARM64
		{2A33E4FB-50BC-4D8D-B893-AC54E6083E3F}.Release|x64.ActiveCfg = Release|x64
		{2A33E4FB-50BC-4D8D-B893-AC54E6083E3F}.Release|x64.Build.0 = Release|x64
		{2A33E4FB-50BC-4D8D-B893-AC54E6083E3F}.Release|x64.Deploy.0 = Release|x64
		{2A33E4FB-50BC-4D8D-B893-AC54E6083E3F}.Release|x86.ActiveCfg = Release|x86
		{2A33E4FB-50BC-4D8D-B893-AC54E6083E3F}.Release|x86.Build.0 = Release|x86
		{2A33E4FB-50BC-4D8D-B893-AC54E6083E3F}.Release|x86.Deploy.0 = Release|x86
	EndGlobalSection
	GlobalSection(SolutionProperties) = preSolution
		HideSolutionNode = FALSE
	EndGlobalSection
	GlobalSection(ExtensibilityGlobals) = postSolution
		SolutionGuid = {14690ABE-919B-4499-8512-A0B66ACCC139}
	EndGlobalSection
EndGlobal
