
Microsoft Visual Studio Solution File, Format Version 12.00
# Visual Studio Version 16
VisualStudioVersion = 16.0.30717.126
MinimumVisualStudioVersion = 10.0.40219.1
Project("{2150E333-8FDC-42A3-9474-1A3956D46DE8}") = "SerialCommunication", "SerialCommunication", "{1FD87B1A-7BEB-4AA9-97CE-1E1B15D497FF}"
EndProject
Project("{2150E333-8FDC-42A3-9474-1A3956D46DE8}") = "BluetoothCommunication", "BluetoothCommunication", "{4303C7A5-1BEA-4D26-8F29-7B492F16CCF3}"
EndProject
Project("{2150E333-8FDC-42A3-9474-1A3956D46DE8}") = "AllJoynCommunication", "AllJoynCommunication", "{5FEAB4D6-B5A9-4266-BC26-C41C5797D7F8}"
EndProject
Project("{2150E333-8FDC-42A3-9474-1A3956D46DE8}") = "WiFiCommunication", "WiFiCommunication", "{2CF435DB-94DB-4057-865C-85BA623BDC8A}"
EndProject
Project("{FAE04EC0-301F-11D3-BF4B-00C04F79EFBC}") = "SerialCommunication.Common", "SerialCommunication\SerialCommunication.Common\SerialCommunication.Common.csproj", "{5AFC0C4F-963A-4DF8-ABE7-C348B1D232CF}"
EndProject
Project("{FAE04EC0-301F-11D3-BF4B-00C04F79EFBC}") = "SerialCommunication.Blinky", "SerialCommunication\SerialCommunication.Blinky\SerialCommunication.Blinky.csproj", "{DEA71E09-E8DB-41B7-942B-5D70C3C544A3}"
EndProject
Project("{FAE04EC0-301F-11D3-BF4B-00C04F79EFBC}") = "SerialCommunication.LoopBack", "SerialCommunication\SerialCommunication.LoopBack\SerialCommunication.LoopBack.csproj", "{4781B4D1-35A2-4B68-B175-022A7B5A1DB5}"
EndProject
Project("{FAE04EC0-301F-11D3-BF4B-00C04F79EFBC}") = "SerialCommunication.Master", "SerialCommunication\SerialCommunication.Master\SerialCommunication.Master.csproj", "{A42021E0-D367-4F6F-9CEA-C520A02072E1}"
EndProject
Project("{FAE04EC0-301F-11D3-BF4B-00C04F79EFBC}") = "AllJoynCommunication.Consumer", "AllJoynCommunication\AllJoynCommunication.Consumer\AllJoynCommunication.Consumer.csproj", "{03E7DFD5-0376-4D3E-A0A0-98BC5D1B85CC}"
EndProject
Project("{FAE04EC0-301F-11D3-BF4B-00C04F79EFBC}") = "AllJoynCommunication.Producer", "AllJoynCommunication\AllJoynCommunication.Producer\AllJoynCommunication.Producer.csproj", "{36FB82EF-8F4A-4D0C-92EF-51C8A6081DBD}"
EndProject
Project("{8BC9CEB8-8B4A-11D0-8D11-00A0C91BC942}") = "AllJoynCommunication.SenseHatLedArrayInterface", "AllJoynCommunication\AllJoynCommunication.SenseHatLedArrayInterface\AllJoynCommunication.SenseHatLedArrayInterface.vcxproj", "{CB429499-8176-4520-BD06-58639B84D271}"
EndProject
Project("{FAE04EC0-301F-11D3-BF4B-00C04F79EFBC}") = "BluetoothCommunication.Common", "BluetoothCommunication\BluetoothCommunication.Common\BluetoothCommunication.Common.csproj", "{71F9949C-AE0E-4CA6-92E3-DFF54155EDE4}"
EndProject
Project("{FAE04EC0-301F-11D3-BF4B-00C04F79EFBC}") = "BluetoothCommunication.Leds", "BluetoothCommunication\BluetoothCommunication.Leds\BluetoothCommunication.Leds.csproj", "{73EA007C-C4C3-4EAF-B834-E9AD3AA6F544}"
EndProject
Project("{FAE04EC0-301F-11D3-BF4B-00C04F79EFBC}") = "BluetoothCommunication.Master", "BluetoothCommunication\BluetoothCommunication.Master\BluetoothCommunication.Master.csproj", "{C6F8834E-E3A9-4426-88F3-450F9D48FD98}"
EndProject
Project("{FAE04EC0-301F-11D3-BF4B-00C04F79EFBC}") = "WiFiCommunication.Common", "WiFiCommunication\WiFiCommunication.Common\WiFiCommunication.Common.csproj", "{B9BB5649-05AA-4B68-B9FA-4371257DA381}"
EndProject
Project("{FAE04EC0-301F-11D3-BF4B-00C04F79EFBC}") = "WiFiCommunication.Leds", "WiFiCommunication\WiFiCommunication.Leds\WiFiCommunication.Leds.csproj", "{2D605AE6-9034-40F7-B264-4E8437D4BC83}"
EndProject
Project("{FAE04EC0-301F-11D3-BF4B-00C04F79EFBC}") = "WiFiCommunication.Master", "WiFiCommunication\WiFiCommunication.Master\WiFiCommunication.Master.csproj", "{CA1E9295-9FF3-4125-AD79-A536B6811056}"
EndProject
Global
	GlobalSection(SolutionConfigurationPlatforms) = preSolution
		Debug|Any CPU = Debug|Any CPU
		Debug|ARM = Debug|ARM
		Debug|x64 = Debug|x64
		Debug|x86 = Debug|x86
		Release|Any CPU = Release|Any CPU
		Release|ARM = Release|ARM
		Release|x64 = Release|x64
		Release|x86 = Release|x86
	EndGlobalSection
	GlobalSection(ProjectConfigurationPlatforms) = postSolution
		{5AFC0C4F-963A-4DF8-ABE7-C348B1D232CF}.Debug|Any CPU.ActiveCfg = Debug|Any CPU
		{5AFC0C4F-963A-4DF8-ABE7-C348B1D232CF}.Debug|Any CPU.Build.0 = Debug|Any CPU
		{5AFC0C4F-963A-4DF8-ABE7-C348B1D232CF}.Debug|ARM.ActiveCfg = Debug|ARM
		{5AFC0C4F-963A-4DF8-ABE7-C348B1D232CF}.Debug|ARM.Build.0 = Debug|ARM
		{5AFC0C4F-963A-4DF8-ABE7-C348B1D232CF}.Debug|x64.ActiveCfg = Debug|x64
		{5AFC0C4F-963A-4DF8-ABE7-C348B1D232CF}.Debug|x64.Build.0 = Debug|x64
		{5AFC0C4F-963A-4DF8-ABE7-C348B1D232CF}.Debug|x86.ActiveCfg = Debug|x86
		{5AFC0C4F-963A-4DF8-ABE7-C348B1D232CF}.Debug|x86.Build.0 = Debug|x86
		{5AFC0C4F-963A-4DF8-ABE7-C348B1D232CF}.Release|Any CPU.ActiveCfg = Release|Any CPU
		{5AFC0C4F-963A-4DF8-ABE7-C348B1D232CF}.Release|Any CPU.Build.0 = Release|Any CPU
		{5AFC0C4F-963A-4DF8-ABE7-C348B1D232CF}.Release|ARM.ActiveCfg = Release|ARM
		{5AFC0C4F-963A-4DF8-ABE7-C348B1D232CF}.Release|ARM.Build.0 = Release|ARM
		{5AFC0C4F-963A-4DF8-ABE7-C348B1D232CF}.Release|x64.ActiveCfg = Release|x64
		{5AFC0C4F-963A-4DF8-ABE7-C348B1D232CF}.Release|x64.Build.0 = Release|x64
		{5AFC0C4F-963A-4DF8-ABE7-C348B1D232CF}.Release|x86.ActiveCfg = Release|x86
		{5AFC0C4F-963A-4DF8-ABE7-C348B1D232CF}.Release|x86.Build.0 = Release|x86
		{DEA71E09-E8DB-41B7-942B-5D70C3C544A3}.Debug|Any CPU.ActiveCfg = Debug|x86
		{DEA71E09-E8DB-41B7-942B-5D70C3C544A3}.Debug|ARM.ActiveCfg = Debug|ARM
		{DEA71E09-E8DB-41B7-942B-5D70C3C544A3}.Debug|ARM.Build.0 = Debug|ARM
		{DEA71E09-E8DB-41B7-942B-5D70C3C544A3}.Debug|ARM.Deploy.0 = Debug|ARM
		{DEA71E09-E8DB-41B7-942B-5D70C3C544A3}.Debug|x64.ActiveCfg = Debug|x64
		{DEA71E09-E8DB-41B7-942B-5D70C3C544A3}.Debug|x64.Build.0 = Debug|x64
		{DEA71E09-E8DB-41B7-942B-5D70C3C544A3}.Debug|x64.Deploy.0 = Debug|x64
		{DEA71E09-E8DB-41B7-942B-5D70C3C544A3}.Debug|x86.ActiveCfg = Debug|x86
		{DEA71E09-E8DB-41B7-942B-5D70C3C544A3}.Debug|x86.Build.0 = Debug|x86
		{DEA71E09-E8DB-41B7-942B-5D70C3C544A3}.Debug|x86.Deploy.0 = Debug|x86
		{DEA71E09-E8DB-41B7-942B-5D70C3C544A3}.Release|Any CPU.ActiveCfg = Release|x86
		{DEA71E09-E8DB-41B7-942B-5D70C3C544A3}.Release|ARM.ActiveCfg = Release|ARM
		{DEA71E09-E8DB-41B7-942B-5D70C3C544A3}.Release|ARM.Build.0 = Release|ARM
		{DEA71E09-E8DB-41B7-942B-5D70C3C544A3}.Release|ARM.Deploy.0 = Release|ARM
		{DEA71E09-E8DB-41B7-942B-5D70C3C544A3}.Release|x64.ActiveCfg = Release|x64
		{DEA71E09-E8DB-41B7-942B-5D70C3C544A3}.Release|x64.Build.0 = Release|x64
		{DEA71E09-E8DB-41B7-942B-5D70C3C544A3}.Release|x64.Deploy.0 = Release|x64
		{DEA71E09-E8DB-41B7-942B-5D70C3C544A3}.Release|x86.ActiveCfg = Release|x86
		{DEA71E09-E8DB-41B7-942B-5D70C3C544A3}.Release|x86.Build.0 = Release|x86
		{DEA71E09-E8DB-41B7-942B-5D70C3C544A3}.Release|x86.Deploy.0 = Release|x86
		{4781B4D1-35A2-4B68-B175-022A7B5A1DB5}.Debug|Any CPU.ActiveCfg = Debug|x86
		{4781B4D1-35A2-4B68-B175-022A7B5A1DB5}.Debug|ARM.ActiveCfg = Debug|ARM
		{4781B4D1-35A2-4B68-B175-022A7B5A1DB5}.Debug|ARM.Build.0 = Debug|ARM
		{4781B4D1-35A2-4B68-B175-022A7B5A1DB5}.Debug|ARM.Deploy.0 = Debug|ARM
		{4781B4D1-35A2-4B68-B175-022A7B5A1DB5}.Debug|x64.ActiveCfg = Debug|x64
		{4781B4D1-35A2-4B68-B175-022A7B5A1DB5}.Debug|x64.Build.0 = Debug|x64
		{4781B4D1-35A2-4B68-B175-022A7B5A1DB5}.Debug|x64.Deploy.0 = Debug|x64
		{4781B4D1-35A2-4B68-B175-022A7B5A1DB5}.Debug|x86.ActiveCfg = Debug|x86
		{4781B4D1-35A2-4B68-B175-022A7B5A1DB5}.Debug|x86.Build.0 = Debug|x86
		{4781B4D1-35A2-4B68-B175-022A7B5A1DB5}.Debug|x86.Deploy.0 = Debug|x86
		{4781B4D1-35A2-4B68-B175-022A7B5A1DB5}.Release|Any CPU.ActiveCfg = Release|x86
		{4781B4D1-35A2-4B68-B175-022A7B5A1DB5}.Release|ARM.ActiveCfg = Release|ARM
		{4781B4D1-35A2-4B68-B175-022A7B5A1DB5}.Release|ARM.Build.0 = Release|ARM
		{4781B4D1-35A2-4B68-B175-022A7B5A1DB5}.Release|ARM.Deploy.0 = Release|ARM
		{4781B4D1-35A2-4B68-B175-022A7B5A1DB5}.Release|x64.ActiveCfg = Release|x64
		{4781B4D1-35A2-4B68-B175-022A7B5A1DB5}.Release|x64.Build.0 = Release|x64
		{4781B4D1-35A2-4B68-B175-022A7B5A1DB5}.Release|x64.Deploy.0 = Release|x64
		{4781B4D1-35A2-4B68-B175-022A7B5A1DB5}.Release|x86.ActiveCfg = Release|x86
		{4781B4D1-35A2-4B68-B175-022A7B5A1DB5}.Release|x86.Build.0 = Release|x86
		{4781B4D1-35A2-4B68-B175-022A7B5A1DB5}.Release|x86.Deploy.0 = Release|x86
		{A42021E0-D367-4F6F-9CEA-C520A02072E1}.Debug|Any CPU.ActiveCfg = Debug|x86
		{A42021E0-D367-4F6F-9CEA-C520A02072E1}.Debug|ARM.ActiveCfg = Debug|ARM
		{A42021E0-D367-4F6F-9CEA-C520A02072E1}.Debug|ARM.Build.0 = Debug|ARM
		{A42021E0-D367-4F6F-9CEA-C520A02072E1}.Debug|ARM.Deploy.0 = Debug|ARM
		{A42021E0-D367-4F6F-9CEA-C520A02072E1}.Debug|x64.ActiveCfg = Debug|x64
		{A42021E0-D367-4F6F-9CEA-C520A02072E1}.Debug|x64.Build.0 = Debug|x64
		{A42021E0-D367-4F6F-9CEA-C520A02072E1}.Debug|x64.Deploy.0 = Debug|x64
		{A42021E0-D367-4F6F-9CEA-C520A02072E1}.Debug|x86.ActiveCfg = Debug|x86
		{A42021E0-D367-4F6F-9CEA-C520A02072E1}.Debug|x86.Build.0 = Debug|x86
		{A42021E0-D367-4F6F-9CEA-C520A02072E1}.Debug|x86.Deploy.0 = Debug|x86
		{A42021E0-D367-4F6F-9CEA-C520A02072E1}.Release|Any CPU.ActiveCfg = Release|x86
		{A42021E0-D367-4F6F-9CEA-C520A02072E1}.Release|ARM.ActiveCfg = Release|ARM
		{A42021E0-D367-4F6F-9CEA-C520A02072E1}.Release|ARM.Build.0 = Release|ARM
		{A42021E0-D367-4F6F-9CEA-C520A02072E1}.Release|ARM.Deploy.0 = Release|ARM
		{A42021E0-D367-4F6F-9CEA-C520A02072E1}.Release|x64.ActiveCfg = Release|x64
		{A42021E0-D367-4F6F-9CEA-C520A02072E1}.Release|x64.Build.0 = Release|x64
		{A42021E0-D367-4F6F-9CEA-C520A02072E1}.Release|x64.Deploy.0 = Release|x64
		{A42021E0-D367-4F6F-9CEA-C520A02072E1}.Release|x86.ActiveCfg = Release|x86
		{A42021E0-D367-4F6F-9CEA-C520A02072E1}.Release|x86.Build.0 = Release|x86
		{A42021E0-D367-4F6F-9CEA-C520A02072E1}.Release|x86.Deploy.0 = Release|x86
		{03E7DFD5-0376-4D3E-A0A0-98BC5D1B85CC}.Debug|Any CPU.ActiveCfg = Debug|x86
		{03E7DFD5-0376-4D3E-A0A0-98BC5D1B85CC}.Debug|ARM.ActiveCfg = Debug|ARM
		{03E7DFD5-0376-4D3E-A0A0-98BC5D1B85CC}.Debug|ARM.Build.0 = Debug|ARM
		{03E7DFD5-0376-4D3E-A0A0-98BC5D1B85CC}.Debug|ARM.Deploy.0 = Debug|ARM
		{03E7DFD5-0376-4D3E-A0A0-98BC5D1B85CC}.Debug|x64.ActiveCfg = Debug|x64
		{03E7DFD5-0376-4D3E-A0A0-98BC5D1B85CC}.Debug|x64.Build.0 = Debug|x64
		{03E7DFD5-0376-4D3E-A0A0-98BC5D1B85CC}.Debug|x64.Deploy.0 = Debug|x64
		{03E7DFD5-0376-4D3E-A0A0-98BC5D1B85CC}.Debug|x86.ActiveCfg = Debug|x86
		{03E7DFD5-0376-4D3E-A0A0-98BC5D1B85CC}.Debug|x86.Build.0 = Debug|x86
		{03E7DFD5-0376-4D3E-A0A0-98BC5D1B85CC}.Debug|x86.Deploy.0 = Debug|x86
		{03E7DFD5-0376-4D3E-A0A0-98BC5D1B85CC}.Release|Any CPU.ActiveCfg = Release|x86
		{03E7DFD5-0376-4D3E-A0A0-98BC5D1B85CC}.Release|ARM.ActiveCfg = Release|ARM
		{03E7DFD5-0376-4D3E-A0A0-98BC5D1B85CC}.Release|ARM.Build.0 = Release|ARM
		{03E7DFD5-0376-4D3E-A0A0-98BC5D1B85CC}.Release|ARM.Deploy.0 = Release|ARM
		{03E7DFD5-0376-4D3E-A0A0-98BC5D1B85CC}.Release|x64.ActiveCfg = Release|x64
		{03E7DFD5-0376-4D3E-A0A0-98BC5D1B85CC}.Release|x64.Build.0 = Release|x64
		{03E7DFD5-0376-4D3E-A0A0-98BC5D1B85CC}.Release|x64.Deploy.0 = Release|x64
		{03E7DFD5-0376-4D3E-A0A0-98BC5D1B85CC}.Release|x86.ActiveCfg = Release|x86
		{03E7DFD5-0376-4D3E-A0A0-98BC5D1B85CC}.Release|x86.Build.0 = Release|x86
		{03E7DFD5-0376-4D3E-A0A0-98BC5D1B85CC}.Release|x86.Deploy.0 = Release|x86
		{36FB82EF-8F4A-4D0C-92EF-51C8A6081DBD}.Debug|Any CPU.ActiveCfg = Debug|x86
		{36FB82EF-8F4A-4D0C-92EF-51C8A6081DBD}.Debug|ARM.ActiveCfg = Debug|ARM
		{36FB82EF-8F4A-4D0C-92EF-51C8A6081DBD}.Debug|ARM.Build.0 = Debug|ARM
		{36FB82EF-8F4A-4D0C-92EF-51C8A6081DBD}.Debug|ARM.Deploy.0 = Debug|ARM
		{36FB82EF-8F4A-4D0C-92EF-51C8A6081DBD}.Debug|x64.ActiveCfg = Debug|x64
		{36FB82EF-8F4A-4D0C-92EF-51C8A6081DBD}.Debug|x64.Build.0 = Debug|x64
		{36FB82EF-8F4A-4D0C-92EF-51C8A6081DBD}.Debug|x64.Deploy.0 = Debug|x64
		{36FB82EF-8F4A-4D0C-92EF-51C8A6081DBD}.Debug|x86.ActiveCfg = Debug|x86
		{36FB82EF-8F4A-4D0C-92EF-51C8A6081DBD}.Debug|x86.Build.0 = Debug|x86
		{36FB82EF-8F4A-4D0C-92EF-51C8A6081DBD}.Debug|x86.Deploy.0 = Debug|x86
		{36FB82EF-8F4A-4D0C-92EF-51C8A6081DBD}.Release|Any CPU.ActiveCfg = Release|x86
		{36FB82EF-8F4A-4D0C-92EF-51C8A6081DBD}.Release|ARM.ActiveCfg = Release|ARM
		{36FB82EF-8F4A-4D0C-92EF-51C8A6081DBD}.Release|ARM.Build.0 = Release|ARM
		{36FB82EF-8F4A-4D0C-92EF-51C8A6081DBD}.Release|ARM.Deploy.0 = Release|ARM
		{36FB82EF-8F4A-4D0C-92EF-51C8A6081DBD}.Release|x64.ActiveCfg = Release|x64
		{36FB82EF-8F4A-4D0C-92EF-51C8A6081DBD}.Release|x64.Build.0 = Release|x64
		{36FB82EF-8F4A-4D0C-92EF-51C8A6081DBD}.Release|x64.Deploy.0 = Release|x64
		{36FB82EF-8F4A-4D0C-92EF-51C8A6081DBD}.Release|x86.ActiveCfg = Release|x86
		{36FB82EF-8F4A-4D0C-92EF-51C8A6081DBD}.Release|x86.Build.0 = Release|x86
		{36FB82EF-8F4A-4D0C-92EF-51C8A6081DBD}.Release|x86.Deploy.0 = Release|x86
		{CB429499-8176-4520-BD06-58639B84D271}.Debug|Any CPU.ActiveCfg = Debug|Win32
		{CB429499-8176-4520-BD06-58639B84D271}.Debug|ARM.ActiveCfg = Debug|ARM
		{CB429499-8176-4520-BD06-58639B84D271}.Debug|ARM.Build.0 = Debug|ARM
		{CB429499-8176-4520-BD06-58639B84D271}.Debug|x64.ActiveCfg = Debug|x64
		{CB429499-8176-4520-BD06-58639B84D271}.Debug|x64.Build.0 = Debug|x64
		{CB429499-8176-4520-BD06-58639B84D271}.Debug|x86.ActiveCfg = Debug|Win32
		{CB429499-8176-4520-BD06-58639B84D271}.Debug|x86.Build.0 = Debug|Win32
		{CB429499-8176-4520-BD06-58639B84D271}.Release|Any CPU.ActiveCfg = Release|Win32
		{CB429499-8176-4520-BD06-58639B84D271}.Release|ARM.ActiveCfg = Release|ARM
		{CB429499-8176-4520-BD06-58639B84D271}.Release|ARM.Build.0 = Release|ARM
		{CB429499-8176-4520-BD06-58639B84D271}.Release|x64.ActiveCfg = Release|x64
		{CB429499-8176-4520-BD06-58639B84D271}.Release|x64.Build.0 = Release|x64
		{CB429499-8176-4520-BD06-58639B84D271}.Release|x86.ActiveCfg = Release|Win32
		{CB429499-8176-4520-BD06-58639B84D271}.Release|x86.Build.0 = Release|Win32
		{71F9949C-AE0E-4CA6-92E3-DFF54155EDE4}.Debug|Any CPU.ActiveCfg = Debug|Any CPU
		{71F9949C-AE0E-4CA6-92E3-DFF54155EDE4}.Debug|Any CPU.Build.0 = Debug|Any CPU
		{71F9949C-AE0E-4CA6-92E3-DFF54155EDE4}.Debug|ARM.ActiveCfg = Debug|ARM
		{71F9949C-AE0E-4CA6-92E3-DFF54155EDE4}.Debug|ARM.Build.0 = Debug|ARM
		{71F9949C-AE0E-4CA6-92E3-DFF54155EDE4}.Debug|x64.ActiveCfg = Debug|x64
		{71F9949C-AE0E-4CA6-92E3-DFF54155EDE4}.Debug|x64.Build.0 = Debug|x64
		{71F9949C-AE0E-4CA6-92E3-DFF54155EDE4}.Debug|x86.ActiveCfg = Debug|x86
		{71F9949C-AE0E-4CA6-92E3-DFF54155EDE4}.Debug|x86.Build.0 = Debug|x86
		{71F9949C-AE0E-4CA6-92E3-DFF54155EDE4}.Release|Any CPU.ActiveCfg = Release|Any CPU
		{71F9949C-AE0E-4CA6-92E3-DFF54155EDE4}.Release|Any CPU.Build.0 = Release|Any CPU
		{71F9949C-AE0E-4CA6-92E3-DFF54155EDE4}.Release|ARM.ActiveCfg = Release|ARM
		{71F9949C-AE0E-4CA6-92E3-DFF54155EDE4}.Release|ARM.Build.0 = Release|ARM
		{71F9949C-AE0E-4CA6-92E3-DFF54155EDE4}.Release|x64.ActiveCfg = Release|x64
		{71F9949C-AE0E-4CA6-92E3-DFF54155EDE4}.Release|x64.Build.0 = Release|x64
		{71F9949C-AE0E-4CA6-92E3-DFF54155EDE4}.Release|x86.ActiveCfg = Release|x86
		{71F9949C-AE0E-4CA6-92E3-DFF54155EDE4}.Release|x86.Build.0 = Release|x86
		{73EA007C-C4C3-4EAF-B834-E9AD3AA6F544}.Debug|Any CPU.ActiveCfg = Debug|x86
		{73EA007C-C4C3-4EAF-B834-E9AD3AA6F544}.Debug|ARM.ActiveCfg = Debug|ARM
		{73EA007C-C4C3-4EAF-B834-E9AD3AA6F544}.Debug|ARM.Build.0 = Debug|ARM
		{73EA007C-C4C3-4EAF-B834-E9AD3AA6F544}.Debug|ARM.Deploy.0 = Debug|ARM
		{73EA007C-C4C3-4EAF-B834-E9AD3AA6F544}.Debug|x64.ActiveCfg = Debug|x64
		{73EA007C-C4C3-4EAF-B834-E9AD3AA6F544}.Debug|x64.Build.0 = Debug|x64
		{73EA007C-C4C3-4EAF-B834-E9AD3AA6F544}.Debug|x64.Deploy.0 = Debug|x64
		{73EA007C-C4C3-4EAF-B834-E9AD3AA6F544}.Debug|x86.ActiveCfg = Debug|x86
		{73EA007C-C4C3-4EAF-B834-E9AD3AA6F544}.Debug|x86.Build.0 = Debug|x86
		{73EA007C-C4C3-4EAF-B834-E9AD3AA6F544}.Debug|x86.Deploy.0 = Debug|x86
		{73EA007C-C4C3-4EAF-B834-E9AD3AA6F544}.Release|Any CPU.ActiveCfg = Release|x86
		{73EA007C-C4C3-4EAF-B834-E9AD3AA6F544}.Release|ARM.ActiveCfg = Release|ARM
		{73EA007C-C4C3-4EAF-B834-E9AD3AA6F544}.Release|ARM.Build.0 = Release|ARM
		{73EA007C-C4C3-4EAF-B834-E9AD3AA6F544}.Release|ARM.Deploy.0 = Release|ARM
		{73EA007C-C4C3-4EAF-B834-E9AD3AA6F544}.Release|x64.ActiveCfg = Release|x64
		{73EA007C-C4C3-4EAF-B834-E9AD3AA6F544}.Release|x64.Build.0 = Release|x64
		{73EA007C-C4C3-4EAF-B834-E9AD3AA6F544}.Release|x64.Deploy.0 = Release|x64
		{73EA007C-C4C3-4EAF-B834-E9AD3AA6F544}.Release|x86.ActiveCfg = Release|x86
		{73EA007C-C4C3-4EAF-B834-E9AD3AA6F544}.Release|x86.Build.0 = Release|x86
		{73EA007C-C4C3-4EAF-B834-E9AD3AA6F544}.Release|x86.Deploy.0 = Release|x86
		{C6F8834E-E3A9-4426-88F3-450F9D48FD98}.Debug|Any CPU.ActiveCfg = Debug|x86
		{C6F8834E-E3A9-4426-88F3-450F9D48FD98}.Debug|ARM.ActiveCfg = Debug|ARM
		{C6F8834E-E3A9-4426-88F3-450F9D48FD98}.Debug|ARM.Build.0 = Debug|ARM
		{C6F8834E-E3A9-4426-88F3-450F9D48FD98}.Debug|ARM.Deploy.0 = Debug|ARM
		{C6F8834E-E3A9-4426-88F3-450F9D48FD98}.Debug|x64.ActiveCfg = Debug|x64
		{C6F8834E-E3A9-4426-88F3-450F9D48FD98}.Debug|x64.Build.0 = Debug|x64
		{C6F8834E-E3A9-4426-88F3-450F9D48FD98}.Debug|x64.Deploy.0 = Debug|x64
		{C6F8834E-E3A9-4426-88F3-450F9D48FD98}.Debug|x86.ActiveCfg = Debug|x86
		{C6F8834E-E3A9-4426-88F3-450F9D48FD98}.Debug|x86.Build.0 = Debug|x86
		{C6F8834E-E3A9-4426-88F3-450F9D48FD98}.Debug|x86.Deploy.0 = Debug|x86
		{C6F8834E-E3A9-4426-88F3-450F9D48FD98}.Release|Any CPU.ActiveCfg = Release|x86
		{C6F8834E-E3A9-4426-88F3-450F9D48FD98}.Release|ARM.ActiveCfg = Release|ARM
		{C6F8834E-E3A9-4426-88F3-450F9D48FD98}.Release|ARM.Build.0 = Release|ARM
		{C6F8834E-E3A9-4426-88F3-450F9D48FD98}.Release|ARM.Deploy.0 = Release|ARM
		{C6F8834E-E3A9-4426-88F3-450F9D48FD98}.Release|x64.ActiveCfg = Release|x64
		{C6F8834E-E3A9-4426-88F3-450F9D48FD98}.Release|x64.Build.0 = Release|x64
		{C6F8834E-E3A9-4426-88F3-450F9D48FD98}.Release|x64.Deploy.0 = Release|x64
		{C6F8834E-E3A9-4426-88F3-450F9D48FD98}.Release|x86.ActiveCfg = Release|x86
		{C6F8834E-E3A9-4426-88F3-450F9D48FD98}.Release|x86.Build.0 = Release|x86
		{C6F8834E-E3A9-4426-88F3-450F9D48FD98}.Release|x86.Deploy.0 = Release|x86
		{B9BB5649-05AA-4B68-B9FA-4371257DA381}.Debug|Any CPU.ActiveCfg = Debug|Any CPU
		{B9BB5649-05AA-4B68-B9FA-4371257DA381}.Debug|Any CPU.Build.0 = Debug|Any CPU
		{B9BB5649-05AA-4B68-B9FA-4371257DA381}.Debug|ARM.ActiveCfg = Debug|ARM
		{B9BB5649-05AA-4B68-B9FA-4371257DA381}.Debug|ARM.Build.0 = Debug|ARM
		{B9BB5649-05AA-4B68-B9FA-4371257DA381}.Debug|x64.ActiveCfg = Debug|x64
		{B9BB5649-05AA-4B68-B9FA-4371257DA381}.Debug|x64.Build.0 = Debug|x64
		{B9BB5649-05AA-4B68-B9FA-4371257DA381}.Debug|x86.ActiveCfg = Debug|x86
		{B9BB5649-05AA-4B68-B9FA-4371257DA381}.Debug|x86.Build.0 = Debug|x86
		{B9BB5649-05AA-4B68-B9FA-4371257DA381}.Release|Any CPU.ActiveCfg = Release|Any CPU
		{B9BB5649-05AA-4B68-B9FA-4371257DA381}.Release|Any CPU.Build.0 = Release|Any CPU
		{B9BB5649-05AA-4B68-B9FA-4371257DA381}.Release|ARM.ActiveCfg = Release|ARM
		{B9BB5649-05AA-4B68-B9FA-4371257DA381}.Release|ARM.Build.0 = Release|ARM
		{B9BB5649-05AA-4B68-B9FA-4371257DA381}.Release|x64.ActiveCfg = Release|x64
		{B9BB5649-05AA-4B68-B9FA-4371257DA381}.Release|x64.Build.0 = Release|x64
		{B9BB5649-05AA-4B68-B9FA-4371257DA381}.Release|x86.ActiveCfg = Release|x86
		{B9BB5649-05AA-4B68-B9FA-4371257DA381}.Release|x86.Build.0 = Release|x86
		{2D605AE6-9034-40F7-B264-4E8437D4BC83}.Debug|Any CPU.ActiveCfg = Debug|x86
		{2D605AE6-9034-40F7-B264-4E8437D4BC83}.Debug|ARM.ActiveCfg = Debug|ARM
		{2D605AE6-9034-40F7-B264-4E8437D4BC83}.Debug|ARM.Build.0 = Debug|ARM
		{2D605AE6-9034-40F7-B264-4E8437D4BC83}.Debug|ARM.Deploy.0 = Debug|ARM
		{2D605AE6-9034-40F7-B264-4E8437D4BC83}.Debug|x64.ActiveCfg = Debug|x64
		{2D605AE6-9034-40F7-B264-4E8437D4BC83}.Debug|x64.Build.0 = Debug|x64
		{2D605AE6-9034-40F7-B264-4E8437D4BC83}.Debug|x64.Deploy.0 = Debug|x64
		{2D605AE6-9034-40F7-B264-4E8437D4BC83}.Debug|x86.ActiveCfg = Debug|x86
		{2D605AE6-9034-40F7-B264-4E8437D4BC83}.Debug|x86.Build.0 = Debug|x86
		{2D605AE6-9034-40F7-B264-4E8437D4BC83}.Debug|x86.Deploy.0 = Debug|x86
		{2D605AE6-9034-40F7-B264-4E8437D4BC83}.Release|Any CPU.ActiveCfg = Release|x86
		{2D605AE6-9034-40F7-B264-4E8437D4BC83}.Release|ARM.ActiveCfg = Release|ARM
		{2D605AE6-9034-40F7-B264-4E8437D4BC83}.Release|ARM.Build.0 = Release|ARM
		{2D605AE6-9034-40F7-B264-4E8437D4BC83}.Release|ARM.Deploy.0 = Release|ARM
		{2D605AE6-9034-40F7-B264-4E8437D4BC83}.Release|x64.ActiveCfg = Release|x64
		{2D605AE6-9034-40F7-B264-4E8437D4BC83}.Release|x64.Build.0 = Release|x64
		{2D605AE6-9034-40F7-B264-4E8437D4BC83}.Release|x64.Deploy.0 = Release|x64
		{2D605AE6-9034-40F7-B264-4E8437D4BC83}.Release|x86.ActiveCfg = Release|x86
		{2D605AE6-9034-40F7-B264-4E8437D4BC83}.Release|x86.Build.0 = Release|x86
		{2D605AE6-9034-40F7-B264-4E8437D4BC83}.Release|x86.Deploy.0 = Release|x86
		{CA1E9295-9FF3-4125-AD79-A536B6811056}.Debug|Any CPU.ActiveCfg = Debug|x86
		{CA1E9295-9FF3-4125-AD79-A536B6811056}.Debug|ARM.ActiveCfg = Debug|ARM
		{CA1E9295-9FF3-4125-AD79-A536B6811056}.Debug|ARM.Build.0 = Debug|ARM
		{CA1E9295-9FF3-4125-AD79-A536B6811056}.Debug|ARM.Deploy.0 = Debug|ARM
		{CA1E9295-9FF3-4125-AD79-A536B6811056}.Debug|x64.ActiveCfg = Debug|x64
		{CA1E9295-9FF3-4125-AD79-A536B6811056}.Debug|x64.Build.0 = Debug|x64
		{CA1E9295-9FF3-4125-AD79-A536B6811056}.Debug|x64.Deploy.0 = Debug|x64
		{CA1E9295-9FF3-4125-AD79-A536B6811056}.Debug|x86.ActiveCfg = Debug|x86
		{CA1E9295-9FF3-4125-AD79-A536B6811056}.Debug|x86.Build.0 = Debug|x86
		{CA1E9295-9FF3-4125-AD79-A536B6811056}.Debug|x86.Deploy.0 = Debug|x86
		{CA1E9295-9FF3-4125-AD79-A536B6811056}.Release|Any CPU.ActiveCfg = Release|x86
		{CA1E9295-9FF3-4125-AD79-A536B6811056}.Release|ARM.ActiveCfg = Release|ARM
		{CA1E9295-9FF3-4125-AD79-A536B6811056}.Release|ARM.Build.0 = Release|ARM
		{CA1E9295-9FF3-4125-AD79-A536B6811056}.Release|ARM.Deploy.0 = Release|ARM
		{CA1E9295-9FF3-4125-AD79-A536B6811056}.Release|x64.ActiveCfg = Release|x64
		{CA1E9295-9FF3-4125-AD79-A536B6811056}.Release|x64.Build.0 = Release|x64
		{CA1E9295-9FF3-4125-AD79-A536B6811056}.Release|x64.Deploy.0 = Release|x64
		{CA1E9295-9FF3-4125-AD79-A536B6811056}.Release|x86.ActiveCfg = Release|x86
		{CA1E9295-9FF3-4125-AD79-A536B6811056}.Release|x86.Build.0 = Release|x86
		{CA1E9295-9FF3-4125-AD79-A536B6811056}.Release|x86.Deploy.0 = Release|x86
	EndGlobalSection
	GlobalSection(SolutionProperties) = preSolution
		HideSolutionNode = FALSE
	EndGlobalSection
	GlobalSection(NestedProjects) = preSolution
		{5AFC0C4F-963A-4DF8-ABE7-C348B1D232CF} = {1FD87B1A-7BEB-4AA9-97CE-1E1B15D497FF}
		{DEA71E09-E8DB-41B7-942B-5D70C3C544A3} = {1FD87B1A-7BEB-4AA9-97CE-1E1B15D497FF}
		{4781B4D1-35A2-4B68-B175-022A7B5A1DB5} = {1FD87B1A-7BEB-4AA9-97CE-1E1B15D497FF}
		{A42021E0-D367-4F6F-9CEA-C520A02072E1} = {1FD87B1A-7BEB-4AA9-97CE-1E1B15D497FF}
		{03E7DFD5-0376-4D3E-A0A0-98BC5D1B85CC} = {5FEAB4D6-B5A9-4266-BC26-C41C5797D7F8}
		{36FB82EF-8F4A-4D0C-92EF-51C8A6081DBD} = {5FEAB4D6-B5A9-4266-BC26-C41C5797D7F8}
		{CB429499-8176-4520-BD06-58639B84D271} = {5FEAB4D6-B5A9-4266-BC26-C41C5797D7F8}
		{71F9949C-AE0E-4CA6-92E3-DFF54155EDE4} = {4303C7A5-1BEA-4D26-8F29-7B492F16CCF3}
		{73EA007C-C4C3-4EAF-B834-E9AD3AA6F544} = {4303C7A5-1BEA-4D26-8F29-7B492F16CCF3}
		{C6F8834E-E3A9-4426-88F3-450F9D48FD98} = {4303C7A5-1BEA-4D26-8F29-7B492F16CCF3}
		{B9BB5649-05AA-4B68-B9FA-4371257DA381} = {2CF435DB-94DB-4057-865C-85BA623BDC8A}
		{2D605AE6-9034-40F7-B264-4E8437D4BC83} = {2CF435DB-94DB-4057-865C-85BA623BDC8A}
		{CA1E9295-9FF3-4125-AD79-A536B6811056} = {2CF435DB-94DB-4057-865C-85BA623BDC8A}
	EndGlobalSection
	GlobalSection(ExtensibilityGlobals) = postSolution
		SolutionGuid = {DC718CF6-BB56-4865-85AD-34CBEBFCF2EF}
	EndGlobalSection
EndGlobal
